# This file is autogenerated, do not edit; changes may be undone by the next 'dep ensure'.


[[projects]]
  branch = "master"
  digest = "1:ab42800f874156e3f69935b08f63a81336129234f209e881b405212f67b00925"
  name = "github.com/gerow/go-color"
  packages = ["."]
  pruneopts = "UT"
  revision = "125d37f527f1e8cce2d9b74889ce42be6ad99910"

[solve-meta]
  analyzer-name = "dep"
  analyzer-version = 1
  input-imports = ["github.com/gerow/go-color"]
  solver-name = "gps-cdcl"
  solver-version = 1
